
Microsoft Visual Studio Solution File, Format Version 12.00
# Visual Studio Version 17
VisualStudioVersion = 17.5.33424.131
MinimumVisualStudioVersion = 10.0.40219.1
Project("{FAE04EC0-301F-11D3-BF4B-00C04F79EFBC}") = "ASC.API", "src\ASC.API\ASC.API.csproj", "{8BA18B7B-96AE-46CC-B8B1-CBC940FACB7A}"
EndProject
Project("{2150E333-8FDC-42A3-9474-1A3956D46DE8}") = "Solution Items", "Solution Items", "{25BA3E9E-87B9-46BB-9151-AE365FAEBD75}"
	ProjectSection(SolutionItems) = preProject
		.editorconfig = .editorconfig
	EndProjectSection
EndProject
Project("{FAE04EC0-301F-11D3-BF4B-00C04F79EFBC}") = "ASC.Test", "test\ASC.Test\ASC.Test.csproj", "{1D5DEE57-D9DA-4773-BB06-93D94C115E65}"
EndProject
Global
	GlobalSection(SolutionConfigurationPlatforms) = preSolution
		Debug|Any CPU = Debug|Any CPU
		Release|Any CPU = Release|Any CPU
	EndGlobalSection
	GlobalSection(ProjectConfigurationPlatforms) = postSolution
		{8BA18B7B-96AE-46CC-B8B1-CBC940FACB7A}.Debug|Any CPU.ActiveCfg = Debug|Any CPU
		{8BA18B7B-96AE-46CC-B8B1-CBC940FACB7A}.Debug|Any CPU.Build.0 = Debug|Any CPU
		{8BA18B7B-96AE-46CC-B8B1-CBC940FACB7A}.Release|Any CPU.ActiveCfg = Release|Any CPU
		{8BA18B7B-96AE-46CC-B8B1-CBC940FACB7A}.Release|Any CPU.Build.0 = Release|Any CPU
		{1D5DEE57-D9DA-4773-BB06-93D94C115E65}.Debug|Any CPU.ActiveCfg = Debug|Any CPU
		{1D5DEE57-D9DA-4773-BB06-93D94C115E65}.Debug|Any CPU.Build.0 = Debug|Any CPU
		{1D5DEE57-D9DA-4773-BB06-93D94C115E65}.Release|Any CPU.ActiveCfg = Release|Any CPU
		{1D5DEE57-D9DA-4773-BB06-93D94C115E65}.Release|Any CPU.Build.0 = Release|Any CPU
	EndGlobalSection
	GlobalSection(SolutionProperties) = preSolution
		HideSolutionNode = FALSE
	EndGlobalSection
	GlobalSection(ExtensibilityGlobals) = postSolution
		SolutionGuid = {8CCFF87F-BBAF-4903-B10B-F2DA72DCD7BC}
	EndGlobalSection
EndGlobal
